
Microsoft Visual Studio Solution File, Format Version 12.00
# Visual Studio Version 17
VisualStudioVersion = 17.5.33103.201
MinimumVisualStudioVersion = 10.0.40219.1
Project("{FAE04EC0-301F-11D3-BF4B-00C04F79EFBC}") = "gRPCUsingNET7Demo", "gRPCUsingNET7Demo\gRPCUsingNET7Demo.csproj", "{9A083703-F596-42BC-9CCA-819433BA4456}"
EndProject
Project("{FAE04EC0-301F-11D3-BF4B-00C04F79EFBC}") = "gRPCClient", "gRPCClient\gRPCClient.csproj", "{B8205EDF-453A-449A-A4C9-A0CCEEED3A8D}"
EndProject
Global
	GlobalSection(SolutionConfigurationPlatforms) = preSolution
		Debug|Any CPU = Debug|Any CPU
		Release|Any CPU = Release|Any CPU
	EndGlobalSection
	GlobalSection(ProjectConfigurationPlatforms) = postSolution
		{9A083703-F596-42BC-9CCA-819433BA4456}.Debug|Any CPU.ActiveCfg = Debug|Any CPU
		{9A083703-F596-42BC-9CCA-819433BA4456}.Debug|Any CPU.Build.0 = Debug|Any CPU
		{9A083703-F596-42BC-9CCA-819433BA4456}.Release|Any CPU.ActiveCfg = Release|Any CPU
		{9A083703-F596-42BC-9CCA-819433BA4456}.Release|Any CPU.Build.0 = Release|Any CPU
		{B8205EDF-453A-449A-A4C9-A0CCEEED3A8D}.Debug|Any CPU.ActiveCfg = Debug|Any CPU
		{B8205EDF-453A-449A-A4C9-A0CCEEED3A8D}.Debug|Any CPU.Build.0 = Debug|Any CPU
		{B8205EDF-453A-449A-A4C9-A0CCEEED3A8D}.Release|Any CPU.ActiveCfg = Release|Any CPU
		{B8205EDF-453A-449A-A4C9-A0CCEEED3A8D}.Release|Any CPU.Build.0 = Release|Any CPU
	EndGlobalSection
	GlobalSection(SolutionProperties) = preSolution
		HideSolutionNode = FALSE
	EndGlobalSection
	GlobalSection(ExtensibilityGlobals) = postSolution
		SolutionGuid = {7517AAEB-C1EF-4CCA-AE9A-56B9AAC3BA22}
	EndGlobalSection
EndGlobal
